{
  "version": 4,
  "terraform_version": "1.10.5",
  "serial": 3,
  "lineage": "d52d4d60-f8f5-0215-bf87-8eb9d687d8e6",
  "outputs": {},
  "resources": [
    {
      "mode": "managed",
      "type": "yandex_compute_instance",
      "name": "vm",
      "provider": "provider[\"registry.terraform.io/yandex-cloud/yandex\"]",
      "instances": [
        {
          "index_key": "ubuntu-vm",
          "schema_version": 1,
          "attributes": {
            "allow_recreate": null,
            "allow_stopping_for_update": null,
            "boot_disk": [
              {
                "auto_delete": true,
                "device_name": "epd671kppa0ng998sdop",
                "disk_id": "epd671kppa0ng998sdop",
                "initialize_params": [
                  {
                    "block_size": 4096,
                    "description": "",
                    "image_id": "fd8tvc3529h2cpjvpkr5",
                    "kms_key_id": "",
                    "name": "",
                    "size": 10,
                    "snapshot_id": "",
                    "type": "network-hdd"
                  }
                ],
                "mode": "READ_WRITE"
              }
            ],
            "created_at": "2025-06-01T22:28:36Z",
            "description": "",
            "filesystem": [],
            "folder_id": "b1gbi2ujjmhjljchom8s",
            "fqdn": "epdhddfbrjmi6vdv59tq.auto.internal",
            "gpu_cluster_id": "",
            "hardware_generation": [
              {
                "generation2_features": [],
                "legacy_features": [
                  {
                    "pci_topology": "PCI_TOPOLOGY_V1"
                  }
                ]
              }
            ],
            "hostname": "",
            "id": "epdhddfbrjmi6vdv59tq",
            "labels": null,
            "local_disk": [],
            "maintenance_grace_period": "",
            "maintenance_policy": null,
            "metadata": {
              "ssh-keys": "mpazenko:ssh-rsa AAAAB3NzaC1yc2EAAAADAQABAAABgQCtv99Nn/W1nT9TMSlLI7IZwhZpjyTdrcAiamA+QU2iCHZsVctJrkVSVTwkcBQaeEtrZI4Dne8MNv4KTuti8EuVArxleubpl53bkUhHTwyiDB/IYK1Ewf3mEXhKSK3CfiPlQ1FBqese8mt4Yrju/kguwxiJ3sZuxToZFx/qw3I6qoqTHEjdLuJjP8uAIqR/QNcy4otFIxtdoVcNW04pA++EoFtWnY7jmryMk5O46lVxLB8iGNHu6DOuoCayScuUcOrQ3Yj/1JFfQnHmEJ5kGYLH/ZVr+oiI06ezv6lBstVbA2IcguB88HyMxqKerNmixKWMZ0iPmanwpMk4CoiEFwvUyv6dEVCDTxRwb22mDtKQqxwPWgcSuz1ZvUkFC60YJfq8ai1gQGLBC1QJtIXT7N+Df3mJbbQ22PINMnex+9CSzwXzpLNZ99MOY7jx81Bjvjfklfjv2vMzT4XyQOdmBgThFSZ+DIE+q4C6RweuGetJt+3RV8Nzvq1ztRoP6lbFoO0= mpazenko@compute-vm-2-2-20-ssd-1737710661809\n"
            },
            "metadata_options": [
              {
                "aws_v1_http_endpoint": 1,
                "aws_v1_http_token": 2,
                "gce_http_endpoint": 1,
                "gce_http_token": 1
              }
            ],
            "name": "ubuntu-vm",
            "network_acceleration_type": "standard",
            "network_interface": [
              {
                "dns_record": [],
                "index": 0,
                "ip_address": "10.129.0.27",
                "ipv4": true,
                "ipv6": false,
                "ipv6_address": "",
                "ipv6_dns_record": [],
                "mac_address": "d0:0d:11:6b:5e:bd",
                "nat": true,
                "nat_dns_record": [],
                "nat_ip_address": "51.250.99.142",
                "nat_ip_version": "IPV4",
                "security_group_ids": [],
                "subnet_id": "e2lphgn8145om2ve47ph"
              }
            ],
            "placement_policy": [
              {
                "host_affinity_rules": [],
                "placement_group_id": "",
                "placement_group_partition": 0
              }
            ],
            "platform_id": "standard-v1",
            "resources": [
              {
                "core_fraction": 100,
                "cores": 2,
                "gpus": 0,
                "memory": 2
              }
            ],
            "scheduling_policy": [
              {
                "preemptible": false
              }
            ],
            "secondary_disk": [],
            "service_account_id": "",
            "status": "running",
            "timeouts": null,
            "zone": "ru-central1-b"
          },
          "sensitive_attributes": [],
          "private": "eyJlMmJmYjczMC1lY2FhLTExZTYtOGY4OC0zNDM2M2JjN2M0YzAiOnsiY3JlYXRlIjozMDAwMDAwMDAwMDAsImRlbGV0ZSI6MzAwMDAwMDAwMDAwLCJ1cGRhdGUiOjMwMDAwMDAwMDAwMH0sInNjaGVtYV92ZXJzaW9uIjoiMSJ9"
        }
      ]
    }
  ],
  "check_results": null
}
